
Microsoft Visual Studio Solution File, Format Version 12.00
# Visual Studio 15
VisualStudioVersion = 15.0.27428.2015
MinimumVisualStudioVersion = 10.0.40219.1
Project("{FAE04EC0-301F-11D3-BF4B-00C04F79EFBC}") = "UsingAvalaraTax", "UsingAvalaraTax\UsingAvalaraTax.csproj", "{EB16C985-FFFB-438E-AE5C-12B34FF46F12}"
EndProject
Global
	GlobalSection(SolutionConfigurationPlatforms) = preSolution
		Debug|Any CPU = Debug|Any CPU
		Release|Any CPU = Release|Any CPU
	EndGlobalSection
	GlobalSection(ProjectConfigurationPlatforms) = postSolution
		{EB16C985-FFFB-438E-AE5C-12B34FF46F12}.Debug|Any CPU.ActiveCfg = Debug|Any CPU
		{EB16C985-FFFB-438E-AE5C-12B34FF46F12}.Debug|Any CPU.Build.0 = Debug|Any CPU
		{EB16C985-FFFB-438E-AE5C-12B34FF46F12}.Release|Any CPU.ActiveCfg = Release|Any CPU
		{EB16C985-FFFB-438E-AE5C-12B34FF46F12}.Release|Any CPU.Build.0 = Release|Any CPU
	EndGlobalSection
	GlobalSection(SolutionProperties) = preSolution
		HideSolutionNode = FALSE
	EndGlobalSection
	GlobalSection(ExtensibilityGlobals) = postSolution
		SolutionGuid = {3FD27695-E219-4B39-BEE6-4FC8CA399BFB}
	EndGlobalSection
EndGlobal
